
Microsoft Visual Studio Solution File, Format Version 12.00
Project("{FAE04EC0-301F-11D3-BF4B-00C04F79EFBC}") = "DesignPatterns", "DesignPatterns.csproj", "{C7FEAD08-A44F-4F52-84E1-1EF4FA0DAEEA}"
EndProject
Global
	GlobalSection(SolutionConfigurationPlatforms) = preSolution
		Debug|Any CPU = Debug|Any CPU
		Release|Any CPU = Release|Any CPU
	EndGlobalSection
	GlobalSection(ProjectConfigurationPlatforms) = postSolution
		{C7FEAD08-A44F-4F52-84E1-1EF4FA0DAEEA}.Debug|Any CPU.ActiveCfg = Debug|Any CPU
		{C7FEAD08-A44F-4F52-84E1-1EF4FA0DAEEA}.Debug|Any CPU.Build.0 = Debug|Any CPU
		{C7FEAD08-A44F-4F52-84E1-1EF4FA0DAEEA}.Release|Any CPU.ActiveCfg = Release|Any CPU
		{C7FEAD08-A44F-4F52-84E1-1EF4FA0DAEEA}.Release|Any CPU.Build.0 = Release|Any CPU
	EndGlobalSection
EndGlobal
